
Microsoft Visual Studio Solution File, Format Version 12.00
# Visual Studio Version 17
VisualStudioVersion = 17.8.34330.188
MinimumVisualStudioVersion = 10.0.40219.1
Project("{9A19103F-16F7-4668-BE54-9A1E7A4F7556}") = "Matchsticks", "Matchsticks.csproj", "{5579694B-CA56-45FD-92AD-7FE92B057DBA}"
EndProject
Global
	GlobalSection(SolutionConfigurationPlatforms) = preSolution
		Debug|Any CPU = Debug|Any CPU
		Release|Any CPU = Release|Any CPU
	EndGlobalSection
	GlobalSection(ProjectConfigurationPlatforms) = postSolution
		{5579694B-CA56-45FD-92AD-7FE92B057DBA}.Debug|Any CPU.ActiveCfg = Debug|Any CPU
		{5579694B-CA56-45FD-92AD-7FE92B057DBA}.Debug|Any CPU.Build.0 = Debug|Any CPU
		{5579694B-CA56-45FD-92AD-7FE92B057DBA}.Release|Any CPU.ActiveCfg = Release|Any CPU
		{5579694B-CA56-45FD-92AD-7FE92B057DBA}.Release|Any CPU.Build.0 = Release|Any CPU
	EndGlobalSection
	GlobalSection(SolutionProperties) = preSolution
		HideSolutionNode = FALSE
	EndGlobalSection
	GlobalSection(ExtensibilityGlobals) = postSolution
		SolutionGuid = {16649580-AA61-4A2E-AFF7-67EFDCACEB2F}
	EndGlobalSection
EndGlobal
